
Microsoft Visual Studio Solution File, Format Version 12.00
# Visual Studio Version 17
VisualStudioVersion = 17.1.32328.378
MinimumVisualStudioVersion = 10.0.40219.1
Project("{FAE04EC0-301F-11D3-BF4B-00C04F79EFBC}") = "Check4", "Check4\Check4.csproj", "{6D55E8D0-6CEC-46A8-9FCC-0C934B24D783}"
EndProject
Global
	GlobalSection(SolutionConfigurationPlatforms) = preSolution
		Debug|Any CPU = Debug|Any CPU
		Release|Any CPU = Release|Any CPU
	EndGlobalSection
	GlobalSection(ProjectConfigurationPlatforms) = postSolution
		{6D55E8D0-6CEC-46A8-9FCC-0C934B24D783}.Debug|Any CPU.ActiveCfg = Debug|Any CPU
		{6D55E8D0-6CEC-46A8-9FCC-0C934B24D783}.Debug|Any CPU.Build.0 = Debug|Any CPU
		{6D55E8D0-6CEC-46A8-9FCC-0C934B24D783}.Release|Any CPU.ActiveCfg = Release|Any CPU
		{6D55E8D0-6CEC-46A8-9FCC-0C934B24D783}.Release|Any CPU.Build.0 = Release|Any CPU
	EndGlobalSection
	GlobalSection(SolutionProperties) = preSolution
		HideSolutionNode = FALSE
	EndGlobalSection
	GlobalSection(ExtensibilityGlobals) = postSolution
		SolutionGuid = {141ABC21-10D1-4AE2-A90A-4AA7122472F9}
	EndGlobalSection
EndGlobal
