
Microsoft Visual Studio Solution File, Format Version 12.00
# Visual Studio Version 17
VisualStudioVersion = 17.1.32328.378
MinimumVisualStudioVersion = 10.0.40219.1
Project("{FAE04EC0-301F-11D3-BF4B-00C04F79EFBC}") = "DaceMD", "DaceMD\DaceMD.csproj", "{03DD3C4E-B506-4B39-B5FB-5E4F77B37492}"
EndProject
Global
	GlobalSection(SolutionConfigurationPlatforms) = preSolution
		Debug|Any CPU = Debug|Any CPU
		Release|Any CPU = Release|Any CPU
	EndGlobalSection
	GlobalSection(ProjectConfigurationPlatforms) = postSolution
		{03DD3C4E-B506-4B39-B5FB-5E4F77B37492}.Debug|Any CPU.ActiveCfg = Debug|Any CPU
		{03DD3C4E-B506-4B39-B5FB-5E4F77B37492}.Debug|Any CPU.Build.0 = Debug|Any CPU
		{03DD3C4E-B506-4B39-B5FB-5E4F77B37492}.Release|Any CPU.ActiveCfg = Release|Any CPU
		{03DD3C4E-B506-4B39-B5FB-5E4F77B37492}.Release|Any CPU.Build.0 = Release|Any CPU
	EndGlobalSection
	GlobalSection(SolutionProperties) = preSolution
		HideSolutionNode = FALSE
	EndGlobalSection
	GlobalSection(ExtensibilityGlobals) = postSolution
		SolutionGuid = {21CB73C5-0893-40C2-8D8B-E118C8B4EC26}
	EndGlobalSection
EndGlobal
