
Microsoft Visual Studio Solution File, Format Version 12.00
# Visual Studio Version 17
VisualStudioVersion = 17.1.32328.378
MinimumVisualStudioVersion = 10.0.40219.1
Project("{FAE04EC0-301F-11D3-BF4B-00C04F79EFBC}") = "ConsoleApp4", "ConsoleApp4\ConsoleApp4.csproj", "{AE498937-8D82-4837-A268-B7519BBB11D9}"
EndProject
Global
	GlobalSection(SolutionConfigurationPlatforms) = preSolution
		Debug|Any CPU = Debug|Any CPU
		Release|Any CPU = Release|Any CPU
	EndGlobalSection
	GlobalSection(ProjectConfigurationPlatforms) = postSolution
		{AE498937-8D82-4837-A268-B7519BBB11D9}.Debug|Any CPU.ActiveCfg = Debug|Any CPU
		{AE498937-8D82-4837-A268-B7519BBB11D9}.Debug|Any CPU.Build.0 = Debug|Any CPU
		{AE498937-8D82-4837-A268-B7519BBB11D9}.Release|Any CPU.ActiveCfg = Release|Any CPU
		{AE498937-8D82-4837-A268-B7519BBB11D9}.Release|Any CPU.Build.0 = Release|Any CPU
	EndGlobalSection
	GlobalSection(SolutionProperties) = preSolution
		HideSolutionNode = FALSE
	EndGlobalSection
	GlobalSection(ExtensibilityGlobals) = postSolution
		SolutionGuid = {42AC2171-4D35-4E28-8AEA-89C0A3B453DF}
	EndGlobalSection
EndGlobal
